
Microsoft Visual Studio Solution File, Format Version 12.00
# Visual Studio 15
VisualStudioVersion = 15.0.28010.2019
MinimumVisualStudioVersion = 10.0.40219.1
Project("{FAE04EC0-301F-11D3-BF4B-00C04F79EFBC}") = "XamMedidas2.Android", "XamMedidas2\XamMedidas2.Android\XamMedidas2.Android.csproj", "{48212640-939A-41DA-9AFD-A85CF5840C3A}"
EndProject
Project("{FAE04EC0-301F-11D3-BF4B-00C04F79EFBC}") = "XamMedidas2.iOS", "XamMedidas2\XamMedidas2.iOS\XamMedidas2.iOS.csproj", "{0B1E45D0-FBC6-4349-94D5-A224AD9266BF}"
EndProject
Project("{FAE04EC0-301F-11D3-BF4B-00C04F79EFBC}") = "XamMedidas2", "XamMedidas2\XamMedidas2\XamMedidas2.csproj", "{857339DE-0621-4149-BA5E-991F94C12CD3}"
EndProject
Global
	GlobalSection(SolutionConfigurationPlatforms) = preSolution
		Ad-Hoc|Any CPU = Ad-Hoc|Any CPU
		Ad-Hoc|iPhone = Ad-Hoc|iPhone
		Ad-Hoc|iPhoneSimulator = Ad-Hoc|iPhoneSimulator
		AppStore|Any CPU = AppStore|Any CPU
		AppStore|iPhone = AppStore|iPhone
		AppStore|iPhoneSimulator = AppStore|iPhoneSimulator
		Debug|Any CPU = Debug|Any CPU
		Debug|iPhone = Debug|iPhone
		Debug|iPhoneSimulator = Debug|iPhoneSimulator
		Release|Any CPU = Release|Any CPU
		Release|iPhone = Release|iPhone
		Release|iPhoneSimulator = Release|iPhoneSimulator
	EndGlobalSection
	GlobalSection(ProjectConfigurationPlatforms) = postSolution
		{48212640-939A-41DA-9AFD-A85CF5840C3A}.Ad-Hoc|Any CPU.ActiveCfg = Release|Any CPU
		{48212640-939A-41DA-9AFD-A85CF5840C3A}.Ad-Hoc|Any CPU.Build.0 = Release|Any CPU
		{48212640-939A-41DA-9AFD-A85CF5840C3A}.Ad-Hoc|Any CPU.Deploy.0 = Release|Any CPU
		{48212640-939A-41DA-9AFD-A85CF5840C3A}.Ad-Hoc|iPhone.ActiveCfg = Release|Any CPU
		{48212640-939A-41DA-9AFD-A85CF5840C3A}.Ad-Hoc|iPhone.Build.0 = Release|Any CPU
		{48212640-939A-41DA-9AFD-A85CF5840C3A}.Ad-Hoc|iPhone.Deploy.0 = Release|Any CPU
		{48212640-939A-41DA-9AFD-A85CF5840C3A}.Ad-Hoc|iPhoneSimulator.ActiveCfg = Release|Any CPU
		{48212640-939A-41DA-9AFD-A85CF5840C3A}.Ad-Hoc|iPhoneSimulator.Build.0 = Release|Any CPU
		{48212640-939A-41DA-9AFD-A85CF5840C3A}.Ad-Hoc|iPhoneSimulator.Deploy.0 = Release|Any CPU
		{48212640-939A-41DA-9AFD-A85CF5840C3A}.AppStore|Any CPU.ActiveCfg = Release|Any CPU
		{48212640-939A-41DA-9AFD-A85CF5840C3A}.AppStore|Any CPU.Build.0 = Release|Any CPU
		{48212640-939A-41DA-9AFD-A85CF5840C3A}.AppStore|Any CPU.Deploy.0 = Release|Any CPU
		{48212640-939A-41DA-9AFD-A85CF5840C3A}.AppStore|iPhone.ActiveCfg = Release|Any CPU
		{48212640-939A-41DA-9AFD-A85CF5840C3A}.AppStore|iPhone.Build.0 = Release|Any CPU
		{48212640-939A-41DA-9AFD-A85CF5840C3A}.AppStore|iPhone.Deploy.0 = Release|Any CPU
		{48212640-939A-41DA-9AFD-A85CF5840C3A}.AppStore|iPhoneSimulator.ActiveCfg = Release|Any CPU
		{48212640-939A-41DA-9AFD-A85CF5840C3A}.AppStore|iPhoneSimulator.Build.0 = Release|Any CPU
		{48212640-939A-41DA-9AFD-A85CF5840C3A}.AppStore|iPhoneSimulator.Deploy.0 = Release|Any CPU
		{48212640-939A-41DA-9AFD-A85CF5840C3A}.Debug|Any CPU.ActiveCfg = Debug|Any CPU
		{48212640-939A-41DA-9AFD-A85CF5840C3A}.Debug|Any CPU.Build.0 = Debug|Any CPU
		{48212640-939A-41DA-9AFD-A85CF5840C3A}.Debug|Any CPU.Deploy.0 = Debug|Any CPU
		{48212640-939A-41DA-9AFD-A85CF5840C3A}.Debug|iPhone.ActiveCfg = Debug|Any CPU
		{48212640-939A-41DA-9AFD-A85CF5840C3A}.Debug|iPhone.Build.0 = Debug|Any CPU
		{48212640-939A-41DA-9AFD-A85CF5840C3A}.Debug|iPhone.Deploy.0 = Debug|Any CPU
		{48212640-939A-41DA-9AFD-A85CF5840C3A}.Debug|iPhoneSimulator.ActiveCfg = Debug|Any CPU
		{48212640-939A-41DA-9AFD-A85CF5840C3A}.Debug|iPhoneSimulator.Build.0 = Debug|Any CPU
		{48212640-939A-41DA-9AFD-A85CF5840C3A}.Debug|iPhoneSimulator.Deploy.0 = Debug|Any CPU
		{48212640-939A-41DA-9AFD-A85CF5840C3A}.Release|Any CPU.ActiveCfg = Release|Any CPU
		{48212640-939A-41DA-9AFD-A85CF5840C3A}.Release|Any CPU.Build.0 = Release|Any CPU
		{48212640-939A-41DA-9AFD-A85CF5840C3A}.Release|Any CPU.Deploy.0 = Release|Any CPU
		{48212640-939A-41DA-9AFD-A85CF5840C3A}.Release|iPhone.ActiveCfg = Release|Any CPU
		{48212640-939A-41DA-9AFD-A85CF5840C3A}.Release|iPhone.Build.0 = Release|Any CPU
		{48212640-939A-41DA-9AFD-A85CF5840C3A}.Release|iPhone.Deploy.0 = Release|Any CPU
		{48212640-939A-41DA-9AFD-A85CF5840C3A}.Release|iPhoneSimulator.ActiveCfg = Release|Any CPU
		{48212640-939A-41DA-9AFD-A85CF5840C3A}.Release|iPhoneSimulator.Build.0 = Release|Any CPU
		{48212640-939A-41DA-9AFD-A85CF5840C3A}.Release|iPhoneSimulator.Deploy.0 = Release|Any CPU
		{0B1E45D0-FBC6-4349-94D5-A224AD9266BF}.Ad-Hoc|Any CPU.ActiveCfg = Ad-Hoc|iPhone
		{0B1E45D0-FBC6-4349-94D5-A224AD9266BF}.Ad-Hoc|Any CPU.Build.0 = Ad-Hoc|iPhone
		{0B1E45D0-FBC6-4349-94D5-A224AD9266BF}.Ad-Hoc|Any CPU.Deploy.0 = Ad-Hoc|iPhone
		{0B1E45D0-FBC6-4349-94D5-A224AD9266BF}.Ad-Hoc|iPhone.ActiveCfg = Ad-Hoc|iPhone
		{0B1E45D0-FBC6-4349-94D5-A224AD9266BF}.Ad-Hoc|iPhone.Build.0 = Ad-Hoc|iPhone
		{0B1E45D0-FBC6-4349-94D5-A224AD9266BF}.Ad-Hoc|iPhone.Deploy.0 = Ad-Hoc|iPhone
		{0B1E45D0-FBC6-4349-94D5-A224AD9266BF}.Ad-Hoc|iPhoneSimulator.ActiveCfg = Ad-Hoc|iPhoneSimulator
		{0B1E45D0-FBC6-4349-94D5-A224AD9266BF}.Ad-Hoc|iPhoneSimulator.Build.0 = Ad-Hoc|iPhoneSimulator
		{0B1E45D0-FBC6-4349-94D5-A224AD9266BF}.Ad-Hoc|iPhoneSimulator.Deploy.0 = Ad-Hoc|iPhoneSimulator
		{0B1E45D0-FBC6-4349-94D5-A224AD9266BF}.AppStore|Any CPU.ActiveCfg = AppStore|iPhone
		{0B1E45D0-FBC6-4349-94D5-A224AD9266BF}.AppStore|Any CPU.Build.0 = AppStore|iPhone
		{0B1E45D0-FBC6-4349-94D5-A224AD9266BF}.AppStore|Any CPU.Deploy.0 = AppStore|iPhone
		{0B1E45D0-FBC6-4349-94D5-A224AD9266BF}.AppStore|iPhone.ActiveCfg = AppStore|iPhone
		{0B1E45D0-FBC6-4349-94D5-A224AD9266BF}.AppStore|iPhone.Build.0 = AppStore|iPhone
		{0B1E45D0-FBC6-4349-94D5-A224AD9266BF}.AppStore|iPhone.Deploy.0 = AppStore|iPhone
		{0B1E45D0-FBC6-4349-94D5-A224AD9266BF}.AppStore|iPhoneSimulator.ActiveCfg = AppStore|iPhoneSimulator
		{0B1E45D0-FBC6-4349-94D5-A224AD9266BF}.AppStore|iPhoneSimulator.Build.0 = AppStore|iPhoneSimulator
		{0B1E45D0-FBC6-4349-94D5-A224AD9266BF}.AppStore|iPhoneSimulator.Deploy.0 = AppStore|iPhoneSimulator
		{0B1E45D0-FBC6-4349-94D5-A224AD9266BF}.Debug|Any CPU.ActiveCfg = Debug|iPhoneSimulator
		{0B1E45D0-FBC6-4349-94D5-A224AD9266BF}.Debug|Any CPU.Build.0 = Debug|iPhoneSimulator
		{0B1E45D0-FBC6-4349-94D5-A224AD9266BF}.Debug|Any CPU.Deploy.0 = Debug|iPhoneSimulator
		{0B1E45D0-FBC6-4349-94D5-A224AD9266BF}.Debug|iPhone.ActiveCfg = Debug|iPhone
		{0B1E45D0-FBC6-4349-94D5-A224AD9266BF}.Debug|iPhone.Build.0 = Debug|iPhone
		{0B1E45D0-FBC6-4349-94D5-A224AD9266BF}.Debug|iPhone.Deploy.0 = Debug|iPhone
		{0B1E45D0-FBC6-4349-94D5-A224AD9266BF}.Debug|iPhoneSimulator.ActiveCfg = Debug|iPhoneSimulator
		{0B1E45D0-FBC6-4349-94D5-A224AD9266BF}.Debug|iPhoneSimulator.Build.0 = Debug|iPhoneSimulator
		{0B1E45D0-FBC6-4349-94D5-A224AD9266BF}.Debug|iPhoneSimulator.Deploy.0 = Debug|iPhoneSimulator
		{0B1E45D0-FBC6-4349-94D5-A224AD9266BF}.Release|Any CPU.ActiveCfg = Release|iPhone
		{0B1E45D0-FBC6-4349-94D5-A224AD9266BF}.Release|Any CPU.Build.0 = Release|iPhone
		{0B1E45D0-FBC6-4349-94D5-A224AD9266BF}.Release|Any CPU.Deploy.0 = Release|iPhone
		{0B1E45D0-FBC6-4349-94D5-A224AD9266BF}.Release|iPhone.ActiveCfg = Release|iPhone
		{0B1E45D0-FBC6-4349-94D5-A224AD9266BF}.Release|iPhone.Build.0 = Release|iPhone
		{0B1E45D0-FBC6-4349-94D5-A224AD9266BF}.Release|iPhone.Deploy.0 = Release|iPhone
		{0B1E45D0-FBC6-4349-94D5-A224AD9266BF}.Release|iPhoneSimulator.ActiveCfg = Release|iPhoneSimulator
		{0B1E45D0-FBC6-4349-94D5-A224AD9266BF}.Release|iPhoneSimulator.Build.0 = Release|iPhoneSimulator
		{0B1E45D0-FBC6-4349-94D5-A224AD9266BF}.Release|iPhoneSimulator.Deploy.0 = Release|iPhoneSimulator
		{857339DE-0621-4149-BA5E-991F94C12CD3}.Ad-Hoc|Any CPU.ActiveCfg = Debug|Any CPU
		{857339DE-0621-4149-BA5E-991F94C12CD3}.Ad-Hoc|Any CPU.Build.0 = Debug|Any CPU
		{857339DE-0621-4149-BA5E-991F94C12CD3}.Ad-Hoc|Any CPU.Deploy.0 = Debug|Any CPU
		{857339DE-0621-4149-BA5E-991F94C12CD3}.Ad-Hoc|iPhone.ActiveCfg = Debug|Any CPU
		{857339DE-0621-4149-BA5E-991F94C12CD3}.Ad-Hoc|iPhone.Build.0 = Debug|Any CPU
		{857339DE-0621-4149-BA5E-991F94C12CD3}.Ad-Hoc|iPhone.Deploy.0 = Debug|Any CPU
		{857339DE-0621-4149-BA5E-991F94C12CD3}.Ad-Hoc|iPhoneSimulator.ActiveCfg = Debug|Any CPU
		{857339DE-0621-4149-BA5E-991F94C12CD3}.Ad-Hoc|iPhoneSimulator.Build.0 = Debug|Any CPU
		{857339DE-0621-4149-BA5E-991F94C12CD3}.Ad-Hoc|iPhoneSimulator.Deploy.0 = Debug|Any CPU
		{857339DE-0621-4149-BA5E-991F94C12CD3}.AppStore|Any CPU.ActiveCfg = Debug|Any CPU
		{857339DE-0621-4149-BA5E-991F94C12CD3}.AppStore|Any CPU.Build.0 = Debug|Any CPU
		{857339DE-0621-4149-BA5E-991F94C12CD3}.AppStore|Any CPU.Deploy.0 = Debug|Any CPU
		{857339DE-0621-4149-BA5E-991F94C12CD3}.AppStore|iPhone.ActiveCfg = Debug|Any CPU
		{857339DE-0621-4149-BA5E-991F94C12CD3}.AppStore|iPhone.Build.0 = Debug|Any CPU
		{857339DE-0621-4149-BA5E-991F94C12CD3}.AppStore|iPhone.Deploy.0 = Debug|Any CPU
		{857339DE-0621-4149-BA5E-991F94C12CD3}.AppStore|iPhoneSimulator.ActiveCfg = Debug|Any CPU
		{857339DE-0621-4149-BA5E-991F94C12CD3}.AppStore|iPhoneSimulator.Build.0 = Debug|Any CPU
		{857339DE-0621-4149-BA5E-991F94C12CD3}.AppStore|iPhoneSimulator.Deploy.0 = Debug|Any CPU
		{857339DE-0621-4149-BA5E-991F94C12CD3}.Debug|Any CPU.ActiveCfg = Debug|Any CPU
		{857339DE-0621-4149-BA5E-991F94C12CD3}.Debug|Any CPU.Build.0 = Debug|Any CPU
		{857339DE-0621-4149-BA5E-991F94C12CD3}.Debug|Any CPU.Deploy.0 = Debug|Any CPU
		{857339DE-0621-4149-BA5E-991F94C12CD3}.Debug|iPhone.ActiveCfg = Debug|Any CPU
		{857339DE-0621-4149-BA5E-991F94C12CD3}.Debug|iPhone.Build.0 = Debug|Any CPU
		{857339DE-0621-4149-BA5E-991F94C12CD3}.Debug|iPhone.Deploy.0 = Debug|Any CPU
		{857339DE-0621-4149-BA5E-991F94C12CD3}.Debug|iPhoneSimulator.ActiveCfg = Debug|Any CPU
		{857339DE-0621-4149-BA5E-991F94C12CD3}.Debug|iPhoneSimulator.Build.0 = Debug|Any CPU
		{857339DE-0621-4149-BA5E-991F94C12CD3}.Debug|iPhoneSimulator.Deploy.0 = Debug|Any CPU
		{857339DE-0621-4149-BA5E-991F94C12CD3}.Release|Any CPU.ActiveCfg = Release|Any CPU
		{857339DE-0621-4149-BA5E-991F94C12CD3}.Release|Any CPU.Build.0 = Release|Any CPU
		{857339DE-0621-4149-BA5E-991F94C12CD3}.Release|Any CPU.Deploy.0 = Release|Any CPU
		{857339DE-0621-4149-BA5E-991F94C12CD3}.Release|iPhone.ActiveCfg = Release|Any CPU
		{857339DE-0621-4149-BA5E-991F94C12CD3}.Release|iPhone.Build.0 = Release|Any CPU
		{857339DE-0621-4149-BA5E-991F94C12CD3}.Release|iPhone.Deploy.0 = Release|Any CPU
		{857339DE-0621-4149-BA5E-991F94C12CD3}.Release|iPhoneSimulator.ActiveCfg = Release|Any CPU
		{857339DE-0621-4149-BA5E-991F94C12CD3}.Release|iPhoneSimulator.Build.0 = Release|Any CPU
		{857339DE-0621-4149-BA5E-991F94C12CD3}.Release|iPhoneSimulator.Deploy.0 = Release|Any CPU
	EndGlobalSection
	GlobalSection(SolutionProperties) = preSolution
		HideSolutionNode = FALSE
	EndGlobalSection
	GlobalSection(ExtensibilityGlobals) = postSolution
		SolutionGuid = {59BD2515-ECCE-4959-A1EC-0CDCAEDEF8FA}
	EndGlobalSection
EndGlobal
